// !$*UTF8*$!
{
	archiveVersion = 1;
	classes = {
	};
	objectVersion = 46;
	objects = {

/* Begin PBXBuildFile section */
		FFDC48F519D4820D0093E2E0 /* main.m in Sources */ = {isa = PBXBuildFile; fileRef = FFDC48F419D4820D0093E2E0 /* main.m */; };
		FFDC48F819D4820D0093E2E0 /* AppDelegate.m in Sources */ = {isa = PBXBuildFile; fileRef = FFDC48F719D4820D0093E2E0 /* AppDelegate.m */; };
		FFDC48FB19D4820D0093E2E0 /* test.xcdatamodeld in Sources */ = {isa = PBXBuildFile; fileRef = FFDC48F919D4820D0093E2E0 /* test.xcdatamodeld */; };
		FFDC48FE19D4820D0093E2E0 /* ViewController.m in Sources */ = {isa = PBXBuildFile; fileRef = FFDC48FD19D4820D0093E2E0 /* ViewController.m */; };
		FFDC490319D4820D0093E2E0 /* Images.xcassets in Resources */ = {isa = PBXBuildFile; fileRef = FFDC490219D4820D0093E2E0 /* Images.xcassets */; };
		FFDC490619D4820D0093E2E0 /* LaunchScreen.xib in Resources */ = {isa = PBXBuildFile; fileRef = FFDC490419D4820D0093E2E0 /* LaunchScreen.xib */; };
		FFDC491219D4820D0093E2E0 /* testTests.m in Sources */ = {isa = PBXBuildFile; fileRef = FFDC491119D4820D0093E2E0 /* testTests.m */; };
		FFDC491D19D482CB0093E2E0 /* Main.storyboard in Resources */ = {isa = PBXBuildFile; fileRef = FFDC491B19D482CB0093E2E0 /* Main.storyboard */; };
/* End PBXBuildFile section */

/* Begin PBXContainerItemProxy section */
		FFDC490C19D4820D0093E2E0 /* PBXContainerItemProxy */ = {
			isa = PBXContainerItemProxy;
			containerPortal = FFDC48E719D4820D0093E2E0 /* Project object */;
			proxyType = 1;
			remoteGlobalIDString = FFDC48EE19D4820D0093E2E0;
			remoteInfo = test;
		};
/* End PBXContainerItemProxy section */

/* Begin PBXFileReference section */
		FFDC48EF19D4820D0093E2E0 /* test.app */ = {isa = PBXFileReference; explicitFileType = wrapper.application; includeInIndex = 0; path = test.app; sourceTree = BUILT_PRODUCTS_DIR; };
		FFDC48F319D4820D0093E2E0 /* Info.plist */ = {isa = PBXFileReference; lastKnownFileType = text.plist.xml; path = Info.plist; sourceTree = "<group>"; };
		FFDC48F419D4820D0093E2E0 /* main.m */ = {isa = PBXFileReference; lastKnownFileType = sourcecode.c.objc; path = main.m; sourceTree = "<group>"; };
		FFDC48F619D4820D0093E2E0 /* AppDelegate.h */ = {isa = PBXFileReference; lastKnownFileType = sourcecode.c.h; path = AppDelegate.h; sourceTree = "<group>"; };
		FFDC48F719D4820D0093E2E0 /* AppDelegate.m */ = {isa = PBXFileReference; lastKnownFileType = sourcecode.c.objc; path = AppDelegate.m; sourceTree = "<group>"; };
		FFDC48FA19D4820D0093E2E0 /* test.xcdatamodel */ = {isa = PBXFileReference; lastKnownFileType = wrapper.xcdatamodel; path = test.xcdatamodel; sourceTree = "<group>"; };
		FFDC48FC19D4820D0093E2E0 /* ViewController.h */ = {isa = PBXFileReference; lastKnownFileType = sourcecode.c.h; path = ViewController.h; sourceTree = "<group>"; };
		FFDC48FD19D4820D0093E2E0 /* ViewController.m */ = {isa = PBXFileReference; lastKnownFileType = sourcecode.c.objc; path = ViewController.m; sourceTree = "<group>"; };
		FFDC490219D4820D0093E2E0 /* Images.xcassets */ = {isa = PBXFileReference; lastKnownFileType = folder.assetcatalog; path = Images.xcassets; sourceTree = "<group>"; };
		FFDC490519D4820D0093E2E0 /* Base */ = {isa = PBXFileReference; lastKnownFileType = file.xib; name = Base; path = Base.lproj/LaunchScreen.xib; sourceTree = "<group>"; };
		FFDC490B19D4820D0093E2E0 /* testTests.xctest */ = {isa = PBXFileReference; explicitFileType = wrapper.cfbundle; includeInIndex = 0; path = testTests.xctest; sourceTree = BUILT_PRODUCTS_DIR; };
		FFDC491019D4820D0093E2E0 /* Info.plist */ = {isa = PBXFileReference; lastKnownFileType = text.plist.xml; path = Info.plist; sourceTree = "<group>"; };
		FFDC491119D4820D0093E2E0 /* testTests.m */ = {isa = PBXFileReference; lastKnownFileType = sourcecode.c.objc; path = testTests.m; sourceTree = "<group>"; };
		FFDC491C19D482CB0093E2E0 /* Base */ = {isa = PBXFileReference; lastKnownFileType = file.storyboard; name = Base; path = test/Base.lproj/Main.storyboard; sourceTree = "<group>"; };
/* End PBXFileReference section */

/* Begin PBXFrameworksBuildPhase section */
		FFDC48EC19D4820D0093E2E0 /* Frameworks */ = {
			isa = PBXFrameworksBuildPhase;
			buildActionMask = 2147483647;
			files = (
			);
			runOnlyForDeploymentPostprocessing = 0;
		};
		FFDC490819D4820D0093E2E0 /* Frameworks */ = {
			isa = PBXFrameworksBuildPhase;
			buildActionMask = 2147483647;
			files = (
			);
			runOnlyForDeploymentPostprocessing = 0;
		};
/* End PBXFrameworksBuildPhase section */

/* Begin PBXGroup section */
		FFDC48E619D4820D0093E2E0 = {
			isa = PBXGroup;
			children = (
				FFDC48F119D4820D0093E2E0 /* test */,
				FFDC490E19D4820D0093E2E0 /* testTests */,
				FFDC48F019D4820D0093E2E0 /* Products */,
			);
			sourceTree = "<group>";
		};
		FFDC48F019D4820D0093E2E0 /* Products */ = {
			isa = PBXGroup;
			children = (
				FFDC48EF19D4820D0093E2E0 /* test.app */,
				FFDC490B19D4820D0093E2E0 /* testTests.xctest */,
			);
			name = Products;
			sourceTree = "<group>";
		};
		FFDC48F119D4820D0093E2E0 /* test */ = {
			isa = PBXGroup;
			children = (
				FFDC48F619D4820D0093E2E0 /* AppDelegate.h */,
				FFDC48F719D4820D0093E2E0 /* AppDelegate.m */,
				FFDC48FC19D4820D0093E2E0 /* ViewController.h */,
				FFDC48FD19D4820D0093E2E0 /* ViewController.m */,
				FFDC491B19D482CB0093E2E0 /* Main.storyboard */,
				FFDC490219D4820D0093E2E0 /* Images.xcassets */,
				FFDC490419D4820D0093E2E0 /* LaunchScreen.xib */,
				FFDC48F919D4820D0093E2E0 /* test.xcdatamodeld */,
				FFDC48F219D4820D0093E2E0 /* Supporting Files */,
			);
			path = test;
			sourceTree = "<group>";
		};
		FFDC48F219D4820D0093E2E0 /* Supporting Files */ = {
			isa = PBXGroup;
			children = (
				FFDC48F319D4820D0093E2E0 /* Info.plist */,
				FFDC48F419D4820D0093E2E0 /* main.m */,
			);
			name = "Supporting Files";
			sourceTree = "<group>";
		};
		FFDC490E19D4820D0093E2E0 /* testTests */ = {
			isa = PBXGroup;
			children = (
				FFDC491119D4820D0093E2E0 /* testTests.m */,
				FFDC490F19D4820D0093E2E0 /* Supporting Files */,
			);
			path = testTests;
			sourceTree = "<group>";
		};
		FFDC490F19D4820D0093E2E0 /* Supporting Files */ = {
			isa = PBXGroup;
			children = (
				FFDC491019D4820D0093E2E0 /* Info.plist */,
			);
			name = "Supporting Files";
			sourceTree = "<group>";
		};
/* End PBXGroup section */

/* Begin PBXNativeTarget section */
		FFDC48EE19D4820D0093E2E0 /* test */ = {
			isa = PBXNativeTarget;
			buildConfigurationList = FFDC491519D4820D0093E2E0 /* Build configuration list for PBXNativeTarget "test" */;
			buildPhases = (
				FFDC48EB19D4820D0093E2E0 /* Sources */,
				FFDC48EC19D4820D0093E2E0 /* Frameworks */,
				FFDC48ED19D4820D0093E2E0 /* Resources */,
			);
			buildRules = (
			);
			dependencies = (
			);
			name = test;
			productName = test;
			productReference = FFDC48EF19D4820D0093E2E0 /* test.app */;
			productType = "com.apple.product-type.application";
		};
		FFDC490A19D4820D0093E2E0 /* testTests */ = {
			isa = PBXNativeTarget;
			buildConfigurationList = FFDC491819D4820D0093E2E0 /* Build configuration list for PBXNativeTarget "testTests" */;
			buildPhases = (
				FFDC490719D4820D0093E2E0 /* Sources */,
				FFDC490819D4820D0093E2E0 /* Frameworks */,
				FFDC490919D4820D0093E2E0 /* Resources */,
			);
			buildRules = (
			);
			dependencies = (
				FFDC490D19D4820D0093E2E0 /* PBXTargetDependency */,
			);
			name = testTests;
			productName = testTests;
			productReference = FFDC490B19D4820D0093E2E0 /* testTests.xctest */;
			productType = "com.apple.product-type.bundle.unit-test";
		};
/* End PBXNativeTarget section */

/* Begin PBXProject section */
		FFDC48E719D4820D0093E2E0 /* Project object */ = {
			isa = PBXProject;
			attributes = {
				LastUpgradeCheck = 0600;
				ORGANIZATIONNAME = HeapStack;
				TargetAttributes = {
					FFDC48EE19D4820D0093E2E0 = {
						CreatedOnToolsVersion = 6.0.1;
						DevelopmentTeam = 4S8HQ943US;
					};
					FFDC490A19D4820D0093E2E0 = {
						CreatedOnToolsVersion = 6.0.1;
						TestTargetID = FFDC48EE19D4820D0093E2E0;
					};
				};
			};
			buildConfigurationList = FFDC48EA19D4820D0093E2E0 /* Build configuration list for PBXProject "test" */;
			compatibilityVersion = "Xcode 3.2";
			developmentRegion = English;
			hasScannedForEncodings = 0;
			knownRegions = (
				en,
				Base,
			);
			mainGroup = FFDC48E619D4820D0093E2E0;
			productRefGroup = FFDC48F019D4820D0093E2E0 /* Products */;
			projectDirPath = "";
			projectRoot = "";
			targets = (
				FFDC48EE19D4820D0093E2E0 /* test */,
				FFDC490A19D4820D0093E2E0 /* testTests */,
			);
		};
/* End PBXProject section */

/* Begin PBXResourcesBuildPhase section */
		FFDC48ED19D4820D0093E2E0 /* Resources */ = {
			isa = PBXResourcesBuildPhase;
			buildActionMask = 2147483647;
			files = (
				FFDC491D19D482CB0093E2E0 /* Main.storyboard in Resources */,
				FFDC490619D4820D0093E2E0 /* LaunchScreen.xib in Resources */,
				FFDC490319D4820D0093E2E0 /* Images.xcassets in Resources */,
			);
			runOnlyForDeploymentPostprocessing = 0;
		};
		FFDC490919D4820D0093E2E0 /* Resources */ = {
			isa = PBXResourcesBuildPhase;
			buildActionMask = 2147483647;
			files = (
			);
			runOnlyForDeploymentPostprocessing = 0;
		};
/* End PBXResourcesBuildPhase section */

/* Begin PBXSourcesBuildPhase section */
		FFDC48EB19D4820D0093E2E0 /* Sources */ = {
			isa = PBXSourcesBuildPhase;
			buildActionMask = 2147483647;
			files = (
				FFDC48F819D4820D0093E2E0 /* AppDelegate.m in Sources */,
				FFDC48F519D4820D0093E2E0 /* main.m in Sources */,
				FFDC48FE19D4820D0093E2E0 /* ViewController.m in Sources */,
				FFDC48FB19D4820D0093E2E0 /* test.xcdatamodeld in Sources */,
			);
			runOnlyForDeploymentPostprocessing = 0;
		};
		FFDC490719D4820D0093E2E0 /* Sources */ = {
			isa = PBXSourcesBuildPhase;
			buildActionMask = 2147483647;
			files = (
				FFDC491219D4820D0093E2E0 /* testTests.m in Sources */,
			);
			runOnlyForDeploymentPostprocessing = 0;
		};
/* End PBXSourcesBuildPhase section */

/* Begin PBXTargetDependency section */
		FFDC490D19D4820D0093E2E0 /* PBXTargetDependency */ = {
			isa = PBXTargetDependency;
			target = FFDC48EE19D4820D0093E2E0 /* test */;
			targetProxy = FFDC490C19D4820D0093E2E0 /* PBXContainerItemProxy */;
		};
/* End PBXTargetDependency section */

/* Begin PBXVariantGroup section */
		FFDC490419D4820D0093E2E0 /* LaunchScreen.xib */ = {
			isa = PBXVariantGroup;
			children = (
				FFDC490519D4820D0093E2E0 /* Base */,
			);
			name = LaunchScreen.xib;
			sourceTree = "<group>";
		};
		FFDC491B19D482CB0093E2E0 /* Main.storyboard */ = {
			isa = PBXVariantGroup;
			children = (
				FFDC491C19D482CB0093E2E0 /* Base */,
			);
			name = Main.storyboard;
			path = ..;
			sourceTree = "<group>";
		};
/* End PBXVariantGroup section */

/* Begin XCBuildConfiguration section */
		FFDC491319D4820D0093E2E0 /* Debug */ = {
			isa = XCBuildConfiguration;
			buildSettings = {
				ALWAYS_SEARCH_USER_PATHS = NO;
				CLANG_CXX_LANGUAGE_STANDARD = "gnu++0x";
				CLANG_CXX_LIBRARY = "libc++";
				CLANG_ENABLE_MODULES = YES;
				CLANG_ENABLE_OBJC_ARC = YES;
				CLANG_WARN_BOOL_CONVERSION = YES;
				CLANG_WARN_CONSTANT_CONVERSION = YES;
				CLANG_WARN_DIRECT_OBJC_ISA_USAGE = YES_ERROR;
				CLANG_WARN_EMPTY_BODY = YES;
				CLANG_WARN_ENUM_CONVERSION = YES;
				CLANG_WARN_INT_CONVERSION = YES;
				CLANG_WARN_OBJC_ROOT_CLASS = YES_ERROR;
				CLANG_WARN_UNREACHABLE_CODE = YES;
				CLANG_WARN__DUPLICATE_METHOD_MATCH = YES;
				"CODE_SIGN_IDENTITY[sdk=iphoneos*]" = "iPhone Developer";
				COPY_PHASE_STRIP = NO;
				ENABLE_STRICT_OBJC_MSGSEND = YES;
				GCC_C_LANGUAGE_STANDARD = gnu99;
				GCC_DYNAMIC_NO_PIC = NO;
				GCC_OPTIMIZATION_LEVEL = 0;
				GCC_PREPROCESSOR_DEFINITIONS = (
					"DEBUG=1",
					"$(inherited)",
				);
				GCC_SYMBOLS_PRIVATE_EXTERN = NO;
				GCC_WARN_64_TO_32_BIT_CONVERSION = YES;
				GCC_WARN_ABOUT_RETURN_TYPE = YES_ERROR;
				GCC_WARN_UNDECLARED_SELECTOR = YES;
				GCC_WARN_UNINITIALIZED_AUTOS = YES_AGGRESSIVE;
				GCC_WARN_UNUSED_FUNCTION = YES;
				GCC_WARN_UNUSED_VARIABLE = YES;
				IPHONEOS_DEPLOYMENT_TARGET = 8.0;
				MTL_ENABLE_DEBUG_INFO = YES;
				ONLY_ACTIVE_ARCH = YES;
				SDKROOT = iphoneos;
			};
			name = Debug;
		};
		FFDC491419D4820D0093E2E0 /* Release */ = {
			isa = XCBuildConfiguration;
			buildSettings = {
				ALWAYS_SEARCH_USER_PATHS = NO;
				CLANG_CXX_LANGUAGE_STANDARD = "gnu++0x";
				CLANG_CXX_LIBRARY = "libc++";
				CLANG_ENABLE_MODULES = YES;
				CLANG_ENABLE_OBJC_ARC = YES;
				CLANG_WARN_BOOL_CONVERSION = YES;
				CLANG_WARN_CONSTANT_CONVERSION = YES;
				CLANG_WARN_DIRECT_OBJC_ISA_USAGE = YES_ERROR;
				CLANG_WARN_EMPTY_BODY = YES;
				CLANG_WARN_ENUM_CONVERSION = YES;
				CLANG_WARN_INT_CONVERSION = YES;
				CLANG_WARN_OBJC_ROOT_CLASS = YES_ERROR;
				CLANG_WARN_UNREACHABLE_CODE = YES;
				CLANG_WARN__DUPLICATE_METHOD_MATCH = YES;
				"CODE_SIGN_IDENTITY[sdk=iphoneos*]" = "iPhone Developer";
				COPY_PHASE_STRIP = YES;
				ENABLE_NS_ASSERTIONS = NO;
				ENABLE_STRICT_OBJC_MSGSEND = YES;
				GCC_C_LANGUAGE_STANDARD = gnu99;
				GCC_WARN_64_TO_32_BIT_CONVERSION = YES;
				GCC_WARN_ABOUT_RETURN_TYPE = YES_ERROR;
				GCC_WARN_UNDECLARED_SELECTOR = YES;
				GCC_WARN_UNINITIALIZED_AUTOS = YES_AGGRESSIVE;
				GCC_WARN_UNUSED_FUNCTION = YES;
				GCC_WARN_UNUSED_VARIABLE = YES;
				IPHONEOS_DEPLOYMENT_TARGET = 8.0;
				MTL_ENABLE_DEBUG_INFO = NO;
				SDKROOT = iphoneos;
				VALIDATE_PRODUCT = YES;
			};
			name = Release;
		};
		FFDC491619D4820D0093E2E0 /* Debug */ = {
			isa = XCBuildConfiguration;
			buildSettings = {
				ASSETCATALOG_COMPILER_APPICON_NAME = AppIcon;
				CODE_SIGN_IDENTITY = "iPhone Developer";
				"CODE_SIGN_IDENTITY[sdk=iphoneos*]" = "iPhone Developer";
				INFOPLIST_FILE = test/Info.plist;
				LD_RUNPATH_SEARCH_PATHS = "$(inherited) @executable_path/Frameworks";
				PRODUCT_NAME = "$(TARGET_NAME)";
				PROVISIONING_PROFILE = "";
			};
			name = Debug;
		};
		FFDC491719D4820D0093E2E0 /* Release */ = {
			isa = XCBuildConfiguration;
			buildSettings = {
				ASSETCATALOG_COMPILER_APPICON_NAME = AppIcon;
				CODE_SIGN_IDENTITY = "iPhone Developer";
				"CODE_SIGN_IDENTITY[sdk=iphoneos*]" = "iPhone Developer";
				INFOPLIST_FILE = test/Info.plist;
				LD_RUNPATH_SEARCH_PATHS = "$(inherited) @executable_path/Frameworks";
				PRODUCT_NAME = "$(TARGET_NAME)";
				PROVISIONING_PROFILE = "";
			};
			name = Release;
		};
		FFDC491919D4820D0093E2E0 /* Debug */ = {
			isa = XCBuildConfiguration;
			buildSettings = {
				BUNDLE_LOADER = "$(TEST_HOST)";
				FRAMEWORK_SEARCH_PATHS = (
					"$(SDKROOT)/Developer/Library/Frameworks",
					"$(inherited)",
				);
				GCC_PREPROCESSOR_DEFINITIONS = (
					"DEBUG=1",
					"$(inherited)",
				);
				INFOPLIST_FILE = testTests/Info.plist;
				LD_RUNPATH_SEARCH_PATHS = "$(inherited) @executable_path/Frameworks @loader_path/Frameworks";
				PRODUCT_NAME = "$(TARGET_NAME)";
				TEST_HOST = "$(BUILT_PRODUCTS_DIR)/test.app/test";
			};
			name = Debug;
		};
		FFDC491A19D4820D0093E2E0 /* Release */ = {
			isa = XCBuildConfiguration;
			buildSettings = {
				BUNDLE_LOADER = "$(TEST_HOST)";
				FRAMEWORK_SEARCH_PATHS = (
					"$(SDKROOT)/Developer/Library/Frameworks",
					"$(inherited)",
				);
				INFOPLIST_FILE = testTests/Info.plist;
				LD_RUNPATH_SEARCH_PATHS = "$(inherited) @executable_path/Frameworks @loader_path/Frameworks";
				PRODUCT_NAME = "$(TARGET_NAME)";
				TEST_HOST = "$(BUILT_PRODUCTS_DIR)/test.app/test";
			};
			name = Release;
		};
/* End XCBuildConfiguration section */

/* Begin XCConfigurationList section */
		FFDC48EA19D4820D0093E2E0 /* Build configuration list for PBXProject "test" */ = {
			isa = XCConfigurationList;
			buildConfigurations = (
				FFDC491319D4820D0093E2E0 /* Debug */,
				FFDC491419D4820D0093E2E0 /* Release */,
			);
			defaultConfigurationIsVisible = 0;
			defaultConfigurationName = Release;
		};
		FFDC491519D4820D0093E2E0 /* Build configuration list for PBXNativeTarget "test" */ = {
			isa = XCConfigurationList;
			buildConfigurations = (
				FFDC491619D4820D0093E2E0 /* Debug */,
				FFDC491719D4820D0093E2E0 /* Release */,
			);
			defaultConfigurationIsVisible = 0;
		};
		FFDC491819D4820D0093E2E0 /* Build configuration list for PBXNativeTarget "testTests" */ = {
			isa = XCConfigurationList;
			buildConfigurations = (
				FFDC491919D4820D0093E2E0 /* Debug */,
				FFDC491A19D4820D0093E2E0 /* Release */,
			);
			defaultConfigurationIsVisible = 0;
		};
/* End XCConfigurationList section */

/* Begin XCVersionGroup section */
		FFDC48F919D4820D0093E2E0 /* test.xcdatamodeld */ = {
			isa = XCVersionGroup;
			children = (
				FFDC48FA19D4820D0093E2E0 /* test.xcdatamodel */,
			);
			currentVersion = FFDC48FA19D4820D0093E2E0 /* test.xcdatamodel */;
			path = test.xcdatamodeld;
			sourceTree = "<group>";
			versionGroupType = wrapper.xcdatamodel;
		};
/* End XCVersionGroup section */
	};
	rootObject = FFDC48E719D4820D0093E2E0 /* Project object */;
}
